
Microsoft Visual Studio Solution File, Format Version 12.00
# Visual Studio Version 16
VisualStudioVersion = 16.0.31624.102
MinimumVisualStudioVersion = 10.0.40219.1
Project("{8BC9CEB8-8B4A-11D0-8D11-00A0C91BC942}") = "structureQuizWork", "structureQuizWork\structureQuizWork.vcxproj", "{9291DA09-6543-457C-A390-FCA5B66E9696}"
EndProject
Global
	GlobalSection(SolutionConfigurationPlatforms) = preSolution
		Debug|x64 = Debug|x64
		Debug|x86 = Debug|x86
		Release|x64 = Release|x64
		Release|x86 = Release|x86
	EndGlobalSection
	GlobalSection(ProjectConfigurationPlatforms) = postSolution
		{9291DA09-6543-457C-A390-FCA5B66E9696}.Debug|x64.ActiveCfg = Debug|x64
		{9291DA09-6543-457C-A390-FCA5B66E9696}.Debug|x64.Build.0 = Debug|x64
		{9291DA09-6543-457C-A390-FCA5B66E9696}.Debug|x86.ActiveCfg = Debug|Win32
		{9291DA09-6543-457C-A390-FCA5B66E9696}.Debug|x86.Build.0 = Debug|Win32
		{9291DA09-6543-457C-A390-FCA5B66E9696}.Release|x64.ActiveCfg = Release|x64
		{9291DA09-6543-457C-A390-FCA5B66E9696}.Release|x64.Build.0 = Release|x64
		{9291DA09-6543-457C-A390-FCA5B66E9696}.Release|x86.ActiveCfg = Release|Win32
		{9291DA09-6543-457C-A390-FCA5B66E9696}.Release|x86.Build.0 = Release|Win32
	EndGlobalSection
	GlobalSection(SolutionProperties) = preSolution
		HideSolutionNode = FALSE
	EndGlobalSection
	GlobalSection(ExtensibilityGlobals) = postSolution
		SolutionGuid = {32C28FF1-6CBF-4DDB-8D8D-59791725C2D9}
	EndGlobalSection
EndGlobal
