
Microsoft Visual Studio Solution File, Format Version 12.00
# Visual Studio Version 17
VisualStudioVersion = 17.2.32616.157
MinimumVisualStudioVersion = 10.0.40219.1
Project("{8BC9CEB8-8B4A-11D0-8D11-00A0C91BC942}") = "understandingLocalScope", "understandingLocalScope\understandingLocalScope.vcxproj", "{CFCEC937-C2D8-4C78-A233-31E173916343}"
EndProject
Global
	GlobalSection(SolutionConfigurationPlatforms) = preSolution
		Debug|x64 = Debug|x64
		Debug|x86 = Debug|x86
		Release|x64 = Release|x64
		Release|x86 = Release|x86
	EndGlobalSection
	GlobalSection(ProjectConfigurationPlatforms) = postSolution
		{CFCEC937-C2D8-4C78-A233-31E173916343}.Debug|x64.ActiveCfg = Debug|x64
		{CFCEC937-C2D8-4C78-A233-31E173916343}.Debug|x64.Build.0 = Debug|x64
		{CFCEC937-C2D8-4C78-A233-31E173916343}.Debug|x86.ActiveCfg = Debug|Win32
		{CFCEC937-C2D8-4C78-A233-31E173916343}.Debug|x86.Build.0 = Debug|Win32
		{CFCEC937-C2D8-4C78-A233-31E173916343}.Release|x64.ActiveCfg = Release|x64
		{CFCEC937-C2D8-4C78-A233-31E173916343}.Release|x64.Build.0 = Release|x64
		{CFCEC937-C2D8-4C78-A233-31E173916343}.Release|x86.ActiveCfg = Release|Win32
		{CFCEC937-C2D8-4C78-A233-31E173916343}.Release|x86.Build.0 = Release|Win32
	EndGlobalSection
	GlobalSection(SolutionProperties) = preSolution
		HideSolutionNode = FALSE
	EndGlobalSection
	GlobalSection(ExtensibilityGlobals) = postSolution
		SolutionGuid = {5ABDF137-F800-42FA-975C-22E903C92C54}
	EndGlobalSection
EndGlobal
