
Microsoft Visual Studio Solution File, Format Version 12.00
# Visual Studio Version 16
VisualStudioVersion = 16.0.31424.327
MinimumVisualStudioVersion = 10.0.40219.1
Project("{8BC9CEB8-8B4A-11D0-8D11-00A0C91BC942}") = "program6", "program6\program6.vcxproj", "{7997CE3B-EF49-4A18-AEE1-7957AD8D4EB2}"
EndProject
Global
	GlobalSection(SolutionConfigurationPlatforms) = preSolution
		Debug|x64 = Debug|x64
		Debug|x86 = Debug|x86
		Release|x64 = Release|x64
		Release|x86 = Release|x86
	EndGlobalSection
	GlobalSection(ProjectConfigurationPlatforms) = postSolution
		{7997CE3B-EF49-4A18-AEE1-7957AD8D4EB2}.Debug|x64.ActiveCfg = Debug|x64
		{7997CE3B-EF49-4A18-AEE1-7957AD8D4EB2}.Debug|x64.Build.0 = Debug|x64
		{7997CE3B-EF49-4A18-AEE1-7957AD8D4EB2}.Debug|x86.ActiveCfg = Debug|Win32
		{7997CE3B-EF49-4A18-AEE1-7957AD8D4EB2}.Debug|x86.Build.0 = Debug|Win32
		{7997CE3B-EF49-4A18-AEE1-7957AD8D4EB2}.Release|x64.ActiveCfg = Release|x64
		{7997CE3B-EF49-4A18-AEE1-7957AD8D4EB2}.Release|x64.Build.0 = Release|x64
		{7997CE3B-EF49-4A18-AEE1-7957AD8D4EB2}.Release|x86.ActiveCfg = Release|Win32
		{7997CE3B-EF49-4A18-AEE1-7957AD8D4EB2}.Release|x86.Build.0 = Release|Win32
	EndGlobalSection
	GlobalSection(SolutionProperties) = preSolution
		HideSolutionNode = FALSE
	EndGlobalSection
	GlobalSection(ExtensibilityGlobals) = postSolution
		SolutionGuid = {426EC9D4-6438-433F-A453-8CBCC1CFD28D}
	EndGlobalSection
EndGlobal
